{
  "name": "tic-tac-toe",
  "version": "0.1.0",
  "lockfileVersion": 1,
  "dependencies": {
    "@types/react": {
      "version": "16.0.19",
      "resolved": "https://registry.npmjs.org/@types/react/-/react-16.0.19.tgz",
      "integrity": "sha512-0M27ZfEYJhQYJ+uYouV7Bd70eNOCp8OxWUSc+etg33lb8Jq7rTmvBKIWUQwx+HquSsNqlk+5PAcmNTTxJKYUsg=="
    }
  }
}
